// !$*UTF8*$!
{
	archiveVersion = 1;
	classes = {
	};
	objectVersion = 46;
	objects = {

/* Begin PBXBuildFile section */
		24B1B64E4351E9794126F6F9 /* Pods_drunkensoftball.framework in Frameworks */ = {isa = PBXBuildFile; fileRef = F7651D2CA431C98A1938E78B /* Pods_drunkensoftball.framework */; };
		5A003FFB1DDC0BA7002EDB7A /* GoogleService-Info.plist in Resources */ = {isa = PBXBuildFile; fileRef = 5A003FFA1DDC0BA7002EDB7A /* GoogleService-Info.plist */; };
		5A5B3C9620A36A2D00ECBB6D /* LoginView.swift in Sources */ = {isa = PBXBuildFile; fileRef = 5A5B3C9520A36A2D00ECBB6D /* LoginView.swift */; };
		5A5B3C9820A36AE400ECBB6D /* ButtonView.swift in Sources */ = {isa = PBXBuildFile; fileRef = 5A5B3C9720A36AE400ECBB6D /* ButtonView.swift */; };
		5A5B3C9A20A36C5C00ECBB6D /* SZ.swift in Sources */ = {isa = PBXBuildFile; fileRef = 5A5B3C9920A36C5C00ECBB6D /* SZ.swift */; };
		5A5CA7421E43F63900795985 /* DefaultKeysExtension.swift in Sources */ = {isa = PBXBuildFile; fileRef = 5A5CA7411E43F63900795985 /* DefaultKeysExtension.swift */; };
		5A5CA7451E43FB5B00795985 /* HomeViewController.swift in Sources */ = {isa = PBXBuildFile; fileRef = 5A5CA7441E43FB5B00795985 /* HomeViewController.swift */; };
		5A5CA7471E43FB7500795985 /* HomeView.swift in Sources */ = {isa = PBXBuildFile; fileRef = 5A5CA7461E43FB7500795985 /* HomeView.swift */; };
		5A5CA74A1E43FF8500795985 /* ProfileView.swift in Sources */ = {isa = PBXBuildFile; fileRef = 5A5CA7491E43FF8500795985 /* ProfileView.swift */; };
		5A5CA74C1E43FF9C00795985 /* ProfileViewController.swift in Sources */ = {isa = PBXBuildFile; fileRef = 5A5CA74B1E43FF9C00795985 /* ProfileViewController.swift */; };
		5A5CA7501E44003400795985 /* TabBarController.swift in Sources */ = {isa = PBXBuildFile; fileRef = 5A5CA74F1E44003400795985 /* TabBarController.swift */; };
		5A661C181EC3BD8400734C2D /* PaddedUITextField.swift in Sources */ = {isa = PBXBuildFile; fileRef = 5A661C171EC3BD8400734C2D /* PaddedUITextField.swift */; };
		5A661C1A1EC3BEB400734C2D /* RosterTableViewCell.swift in Sources */ = {isa = PBXBuildFile; fileRef = 5A661C191EC3BEB400734C2D /* RosterTableViewCell.swift */; };
		5A661C281EC517C000734C2D /* PlayerFormView.swift in Sources */ = {isa = PBXBuildFile; fileRef = 5A661C271EC517BF00734C2D /* PlayerFormView.swift */; };
		5A661C2A1EC5189C00734C2D /* FieldPosition.swift in Sources */ = {isa = PBXBuildFile; fileRef = 5A661C291EC5189C00734C2D /* FieldPosition.swift */; };
		5A661C2C1EC519DF00734C2D /* PlayerFormModalViewController.swift in Sources */ = {isa = PBXBuildFile; fileRef = 5A661C2B1EC519DF00734C2D /* PlayerFormModalViewController.swift */; };
		5A69C37F1DAE8BA900DD13A0 /* AppDelegate.swift in Sources */ = {isa = PBXBuildFile; fileRef = 5A69C37E1DAE8BA900DD13A0 /* AppDelegate.swift */; };
		5A69C3811DAE8BA900DD13A0 /* LoginViewController.swift in Sources */ = {isa = PBXBuildFile; fileRef = 5A69C3801DAE8BA900DD13A0 /* LoginViewController.swift */; };
		5A69C3861DAE8BA900DD13A0 /* Assets.xcassets in Resources */ = {isa = PBXBuildFile; fileRef = 5A69C3851DAE8BA900DD13A0 /* Assets.xcassets */; };
		5A69C3981DAE979700DD13A0 /* User.swift in Sources */ = {isa = PBXBuildFile; fileRef = 5A69C3971DAE979700DD13A0 /* User.swift */; };
		5A99E45E1ECBE93C00B61B37 /* Team.swift in Sources */ = {isa = PBXBuildFile; fileRef = 5A99E45D1ECBE93C00B61B37 /* Team.swift */; };
		5ACCE22A1E42E21600B42E69 /* Authentication.swift in Sources */ = {isa = PBXBuildFile; fileRef = 5ACCE2291E42E21600B42E69 /* Authentication.swift */; };
		5ACCE22D1E42E30E00B42E69 /* BaseObject.swift in Sources */ = {isa = PBXBuildFile; fileRef = 5ACCE22C1E42E30E00B42E69 /* BaseObject.swift */; };
		5ACCE22F1E43E9D900B42E69 /* Router.swift in Sources */ = {isa = PBXBuildFile; fileRef = 5ACCE22E1E43E9D900B42E69 /* Router.swift */; };
		5AE6CADD1EC54C5B0098A779 /* RosterEntry.swift in Sources */ = {isa = PBXBuildFile; fileRef = 5AE6CADC1EC54C5B0098A779 /* RosterEntry.swift */; };
		5AE6CAE01EC652D90098A779 /* PositionSelectionView.swift in Sources */ = {isa = PBXBuildFile; fileRef = 5AE6CADF1EC652D90098A779 /* PositionSelectionView.swift */; };
		5AEEC8AC1ED3CA1D008349D0 /* UIViewControllerExtension.swift in Sources */ = {isa = PBXBuildFile; fileRef = 5AEEC8AB1ED3CA1D008349D0 /* UIViewControllerExtension.swift */; };
/* End PBXBuildFile section */

/* Begin PBXFileReference section */
		48809BE5FCD813D72B3D68C9 /* Pods-drunkensoftball.debug.xcconfig */ = {isa = PBXFileReference; includeInIndex = 1; lastKnownFileType = text.xcconfig; name = "Pods-drunkensoftball.debug.xcconfig"; path = "Pods/Target Support Files/Pods-drunkensoftball/Pods-drunkensoftball.debug.xcconfig"; sourceTree = "<group>"; };
		5A003FFA1DDC0BA7002EDB7A /* GoogleService-Info.plist */ = {isa = PBXFileReference; fileEncoding = 4; lastKnownFileType = text.plist.xml; path = "GoogleService-Info.plist"; sourceTree = "<group>"; };
		5A003FFC1DDC0CAB002EDB7A /* drunkensoftball-Bridging-Header.h */ = {isa = PBXFileReference; lastKnownFileType = sourcecode.c.h; path = "drunkensoftball-Bridging-Header.h"; sourceTree = "<group>"; };
		5A5B3C9520A36A2D00ECBB6D /* LoginView.swift */ = {isa = PBXFileReference; lastKnownFileType = sourcecode.swift; name = LoginView.swift; path = Login/LoginView.swift; sourceTree = "<group>"; };
		5A5B3C9720A36AE400ECBB6D /* ButtonView.swift */ = {isa = PBXFileReference; lastKnownFileType = sourcecode.swift; name = ButtonView.swift; path = UI/Common/Views/ButtonView.swift; sourceTree = "<group>"; };
		5A5B3C9920A36C5C00ECBB6D /* SZ.swift */ = {isa = PBXFileReference; lastKnownFileType = sourcecode.swift; name = SZ.swift; path = Constants/SZ.swift; sourceTree = "<group>"; };
		5A5CA7411E43F63900795985 /* DefaultKeysExtension.swift */ = {isa = PBXFileReference; fileEncoding = 4; lastKnownFileType = sourcecode.swift; name = DefaultKeysExtension.swift; path = Model/extensions/DefaultKeysExtension.swift; sourceTree = "<group>"; };
		5A5CA7441E43FB5B00795985 /* HomeViewController.swift */ = {isa = PBXFileReference; fileEncoding = 4; lastKnownFileType = sourcecode.swift; name = HomeViewController.swift; path = UI/Home/HomeViewController.swift; sourceTree = "<group>"; };
		5A5CA7461E43FB7500795985 /* HomeView.swift */ = {isa = PBXFileReference; fileEncoding = 4; lastKnownFileType = sourcecode.swift; name = HomeView.swift; path = UI/Home/HomeView.swift; sourceTree = "<group>"; };
		5A5CA7491E43FF8500795985 /* ProfileView.swift */ = {isa = PBXFileReference; fileEncoding = 4; lastKnownFileType = sourcecode.swift; name = ProfileView.swift; path = UI/Profile/ProfileView.swift; sourceTree = "<group>"; };
		5A5CA74B1E43FF9C00795985 /* ProfileViewController.swift */ = {isa = PBXFileReference; fileEncoding = 4; lastKnownFileType = sourcecode.swift; name = ProfileViewController.swift; path = UI/Profile/ProfileViewController.swift; sourceTree = "<group>"; };
		5A5CA74F1E44003400795985 /* TabBarController.swift */ = {isa = PBXFileReference; fileEncoding = 4; lastKnownFileType = sourcecode.swift; name = TabBarController.swift; path = UI/Common/ViewControllers/TabBarController.swift; sourceTree = "<group>"; };
		5A661C171EC3BD8400734C2D /* PaddedUITextField.swift */ = {isa = PBXFileReference; fileEncoding = 4; lastKnownFileType = sourcecode.swift; name = PaddedUITextField.swift; path = UI/Common/Views/PaddedUITextField.swift; sourceTree = "<group>"; };
		5A661C191EC3BEB400734C2D /* RosterTableViewCell.swift */ = {isa = PBXFileReference; fileEncoding = 4; lastKnownFileType = sourcecode.swift; name = RosterTableViewCell.swift; path = UI/Home/RosterTableViewCell.swift; sourceTree = "<group>"; };
		5A661C271EC517BF00734C2D /* PlayerFormView.swift */ = {isa = PBXFileReference; fileEncoding = 4; lastKnownFileType = sourcecode.swift; name = PlayerFormView.swift; path = UI/Home/PlayerFormView.swift; sourceTree = "<group>"; };
		5A661C291EC5189C00734C2D /* FieldPosition.swift */ = {isa = PBXFileReference; fileEncoding = 4; lastKnownFileType = sourcecode.swift; path = FieldPosition.swift; sourceTree = "<group>"; };
		5A661C2B1EC519DF00734C2D /* PlayerFormModalViewController.swift */ = {isa = PBXFileReference; fileEncoding = 4; lastKnownFileType = sourcecode.swift; name = PlayerFormModalViewController.swift; path = UI/Home/PlayerFormModalViewController.swift; sourceTree = "<group>"; };
		5A69C37B1DAE8BA900DD13A0 /* drunkensoftball.app */ = {isa = PBXFileReference; explicitFileType = wrapper.application; includeInIndex = 0; path = drunkensoftball.app; sourceTree = BUILT_PRODUCTS_DIR; };
		5A69C37E1DAE8BA900DD13A0 /* AppDelegate.swift */ = {isa = PBXFileReference; lastKnownFileType = sourcecode.swift; path = AppDelegate.swift; sourceTree = "<group>"; };
		5A69C3801DAE8BA900DD13A0 /* LoginViewController.swift */ = {isa = PBXFileReference; lastKnownFileType = sourcecode.swift; path = LoginViewController.swift; sourceTree = "<group>"; };
		5A69C3851DAE8BA900DD13A0 /* Assets.xcassets */ = {isa = PBXFileReference; lastKnownFileType = folder.assetcatalog; path = Assets.xcassets; sourceTree = "<group>"; };
		5A69C38A1DAE8BA900DD13A0 /* Info.plist */ = {isa = PBXFileReference; lastKnownFileType = text.plist.xml; path = Info.plist; sourceTree = "<group>"; };
		5A69C3971DAE979700DD13A0 /* User.swift */ = {isa = PBXFileReference; fileEncoding = 4; lastKnownFileType = sourcecode.swift; path = User.swift; sourceTree = "<group>"; };
		5A99E45D1ECBE93C00B61B37 /* Team.swift */ = {isa = PBXFileReference; fileEncoding = 4; lastKnownFileType = sourcecode.swift; name = Team.swift; path = Model/team/Team.swift; sourceTree = "<group>"; };
		5ACCE2291E42E21600B42E69 /* Authentication.swift */ = {isa = PBXFileReference; fileEncoding = 4; lastKnownFileType = sourcecode.swift; name = Authentication.swift; path = auth/Authentication.swift; sourceTree = "<group>"; };
		5ACCE22C1E42E30E00B42E69 /* BaseObject.swift */ = {isa = PBXFileReference; fileEncoding = 4; lastKnownFileType = sourcecode.swift; name = BaseObject.swift; path = common/BaseObject.swift; sourceTree = "<group>"; };
		5ACCE22E1E43E9D900B42E69 /* Router.swift */ = {isa = PBXFileReference; fileEncoding = 4; lastKnownFileType = sourcecode.swift; name = Router.swift; path = common/Router.swift; sourceTree = "<group>"; };
		5AE6CADC1EC54C5B0098A779 /* RosterEntry.swift */ = {isa = PBXFileReference; fileEncoding = 4; lastKnownFileType = sourcecode.swift; name = RosterEntry.swift; path = Model/player/RosterEntry.swift; sourceTree = "<group>"; };
		5AE6CADF1EC652D90098A779 /* PositionSelectionView.swift */ = {isa = PBXFileReference; fileEncoding = 4; lastKnownFileType = sourcecode.swift; name = PositionSelectionView.swift; path = UI/Common/Views/PositionSelectionView.swift; sourceTree = "<group>"; };
		5AEEC8AB1ED3CA1D008349D0 /* UIViewControllerExtension.swift */ = {isa = PBXFileReference; fileEncoding = 4; lastKnownFileType = sourcecode.swift; name = UIViewControllerExtension.swift; path = UI/Common/Extensions/UIViewControllerExtension.swift; sourceTree = "<group>"; };
		61E6953079474C5EF7FF288A /* Pods-drunkensoftball.release.xcconfig */ = {isa = PBXFileReference; includeInIndex = 1; lastKnownFileType = text.xcconfig; name = "Pods-drunkensoftball.release.xcconfig"; path = "Pods/Target Support Files/Pods-drunkensoftball/Pods-drunkensoftball.release.xcconfig"; sourceTree = "<group>"; };
		F7651D2CA431C98A1938E78B /* Pods_drunkensoftball.framework */ = {isa = PBXFileReference; explicitFileType = wrapper.framework; includeInIndex = 0; path = Pods_drunkensoftball.framework; sourceTree = BUILT_PRODUCTS_DIR; };
/* End PBXFileReference section */

/* Begin PBXFrameworksBuildPhase section */
		5A69C3781DAE8BA900DD13A0 /* Frameworks */ = {
			isa = PBXFrameworksBuildPhase;
			buildActionMask = 2147483647;
			files = (
				24B1B64E4351E9794126F6F9 /* Pods_drunkensoftball.framework in Frameworks */,
			);
			runOnlyForDeploymentPostprocessing = 0;
		};
/* End PBXFrameworksBuildPhase section */

/* Begin PBXGroup section */
		445E8AD7562D99EF1B18215D /* Pods */ = {
			isa = PBXGroup;
			children = (
				48809BE5FCD813D72B3D68C9 /* Pods-drunkensoftball.debug.xcconfig */,
				61E6953079474C5EF7FF288A /* Pods-drunkensoftball.release.xcconfig */,
			);
			name = Pods;
			sourceTree = "<group>";
		};
		5A5B3C9B20A36C6300ECBB6D /* Constants */ = {
			isa = PBXGroup;
			children = (
				5A5B3C9920A36C5C00ECBB6D /* SZ.swift */,
			);
			name = Constants;
			sourceTree = "<group>";
		};
		5A5B3CA420A38CD000ECBB6D /* Team */ = {
			isa = PBXGroup;
			children = (
			);
			name = Team;
			path = "New Group";
			sourceTree = "<group>";
		};
		5A5CA7431E43FB3F00795985 /* Home */ = {
			isa = PBXGroup;
			children = (
				5A5CA7441E43FB5B00795985 /* HomeViewController.swift */,
				5A5CA7461E43FB7500795985 /* HomeView.swift */,
				5A661C191EC3BEB400734C2D /* RosterTableViewCell.swift */,
				5A661C2B1EC519DF00734C2D /* PlayerFormModalViewController.swift */,
				5A661C271EC517BF00734C2D /* PlayerFormView.swift */,
			);
			name = Home;
			sourceTree = "<group>";
		};
		5A5CA7481E43FF6600795985 /* Profile */ = {
			isa = PBXGroup;
			children = (
				5A5CA7491E43FF8500795985 /* ProfileView.swift */,
				5A5CA74B1E43FF9C00795985 /* ProfileViewController.swift */,
			);
			name = Profile;
			sourceTree = "<group>";
		};
		5A5CA74D1E43FFC800795985 /* Views */ = {
			isa = PBXGroup;
			children = (
				5A661C171EC3BD8400734C2D /* PaddedUITextField.swift */,
				5AE6CADF1EC652D90098A779 /* PositionSelectionView.swift */,
				5A5B3C9720A36AE400ECBB6D /* ButtonView.swift */,
			);
			name = Views;
			sourceTree = "<group>";
		};
		5A5CA74E1E43FFE000795985 /* ViewControllers */ = {
			isa = PBXGroup;
			children = (
				5A5CA74F1E44003400795985 /* TabBarController.swift */,
			);
			name = ViewControllers;
			sourceTree = "<group>";
		};
		5A69C3721DAE8BA900DD13A0 = {
			isa = PBXGroup;
			children = (
				5A003FFA1DDC0BA7002EDB7A /* GoogleService-Info.plist */,
				5A69C37D1DAE8BA900DD13A0 /* drunkensoftball */,
				5A69C37C1DAE8BA900DD13A0 /* Products */,
				445E8AD7562D99EF1B18215D /* Pods */,
				FC2BD200F252DD513603B453 /* Frameworks */,
				5A003FFC1DDC0CAB002EDB7A /* drunkensoftball-Bridging-Header.h */,
			);
			sourceTree = "<group>";
		};
		5A69C37C1DAE8BA900DD13A0 /* Products */ = {
			isa = PBXGroup;
			children = (
				5A69C37B1DAE8BA900DD13A0 /* drunkensoftball.app */,
			);
			name = Products;
			sourceTree = "<group>";
		};
		5A69C37D1DAE8BA900DD13A0 /* drunkensoftball */ = {
			isa = PBXGroup;
			children = (
				5ACCE2321E43F4FF00B42E69 /* Model */,
				5ACCE2311E43F4F500B42E69 /* UI */,
				5ACCE2361E43F54C00B42E69 /* Resources */,
				5A69C37E1DAE8BA900DD13A0 /* AppDelegate.swift */,
				5A69C38A1DAE8BA900DD13A0 /* Info.plist */,
			);
			path = drunkensoftball;
			sourceTree = "<group>";
		};
		5A69C3961DAE978700DD13A0 /* user */ = {
			isa = PBXGroup;
			children = (
				5A69C3971DAE979700DD13A0 /* User.swift */,
				5A661C291EC5189C00734C2D /* FieldPosition.swift */,
			);
			path = user;
			sourceTree = "<group>";
		};
		5A99E45C1ECBE92000B61B37 /* team */ = {
			isa = PBXGroup;
			children = (
				5A99E45D1ECBE93C00B61B37 /* Team.swift */,
				5AE6CADC1EC54C5B0098A779 /* RosterEntry.swift */,
			);
			name = team;
			sourceTree = "<group>";
		};
		5ACCE2281E42E1F600B42E69 /* auth */ = {
			isa = PBXGroup;
			children = (
				5ACCE2291E42E21600B42E69 /* Authentication.swift */,
			);
			name = auth;
			sourceTree = "<group>";
		};
		5ACCE22B1E42E2F400B42E69 /* common */ = {
			isa = PBXGroup;
			children = (
				5ACCE22C1E42E30E00B42E69 /* BaseObject.swift */,
				5ACCE22E1E43E9D900B42E69 /* Router.swift */,
			);
			name = common;
			sourceTree = "<group>";
		};
		5ACCE2311E43F4F500B42E69 /* UI */ = {
			isa = PBXGroup;
			children = (
				5A5B3CA420A38CD000ECBB6D /* Team */,
				5A5CA7431E43FB3F00795985 /* Home */,
				5A5CA7481E43FF6600795985 /* Profile */,
				5ACCE2331E43F52300B42E69 /* Login */,
				5ACCE2351E43F53B00B42E69 /* Util */,
				5ACCE2341E43F53300B42E69 /* Common */,
			);
			name = UI;
			sourceTree = "<group>";
		};
		5ACCE2321E43F4FF00B42E69 /* Model */ = {
			isa = PBXGroup;
			children = (
				5A99E45C1ECBE92000B61B37 /* team */,
				5ACCE2371E43F5A700B42E69 /* extensions */,
				5ACCE22B1E42E2F400B42E69 /* common */,
				5ACCE2281E42E1F600B42E69 /* auth */,
				5A69C3961DAE978700DD13A0 /* user */,
			);
			name = Model;
			sourceTree = "<group>";
		};
		5ACCE2331E43F52300B42E69 /* Login */ = {
			isa = PBXGroup;
			children = (
				5A69C3801DAE8BA900DD13A0 /* LoginViewController.swift */,
				5A5B3C9520A36A2D00ECBB6D /* LoginView.swift */,
			);
			name = Login;
			sourceTree = "<group>";
		};
		5ACCE2341E43F53300B42E69 /* Common */ = {
			isa = PBXGroup;
			children = (
				5A5B3C9B20A36C6300ECBB6D /* Constants */,
				5AEEC8AA1ED3C9F7008349D0 /* Extensions */,
				5A5CA74E1E43FFE000795985 /* ViewControllers */,
				5A5CA74D1E43FFC800795985 /* Views */,
			);
			name = Common;
			sourceTree = "<group>";
		};
		5ACCE2351E43F53B00B42E69 /* Util */ = {
			isa = PBXGroup;
			children = (
			);
			name = Util;
			sourceTree = "<group>";
		};
		5ACCE2361E43F54C00B42E69 /* Resources */ = {
			isa = PBXGroup;
			children = (
				5A69C3851DAE8BA900DD13A0 /* Assets.xcassets */,
			);
			name = Resources;
			sourceTree = "<group>";
		};
		5ACCE2371E43F5A700B42E69 /* extensions */ = {
			isa = PBXGroup;
			children = (
				5A5CA7411E43F63900795985 /* DefaultKeysExtension.swift */,
			);
			name = extensions;
			sourceTree = "<group>";
		};
		5AEEC8AA1ED3C9F7008349D0 /* Extensions */ = {
			isa = PBXGroup;
			children = (
				5AEEC8AB1ED3CA1D008349D0 /* UIViewControllerExtension.swift */,
			);
			name = Extensions;
			sourceTree = "<group>";
		};
		FC2BD200F252DD513603B453 /* Frameworks */ = {
			isa = PBXGroup;
			children = (
				F7651D2CA431C98A1938E78B /* Pods_drunkensoftball.framework */,
			);
			name = Frameworks;
			sourceTree = "<group>";
		};
/* End PBXGroup section */

/* Begin PBXNativeTarget section */
		5A69C37A1DAE8BA900DD13A0 /* drunkensoftball */ = {
			isa = PBXNativeTarget;
			buildConfigurationList = 5A69C38D1DAE8BA900DD13A0 /* Build configuration list for PBXNativeTarget "drunkensoftball" */;
			buildPhases = (
				9F7F41A33DC1ED7F4D7F275F /* [CP] Check Pods Manifest.lock */,
				5A69C3771DAE8BA900DD13A0 /* Sources */,
				5A69C3781DAE8BA900DD13A0 /* Frameworks */,
				5A69C3791DAE8BA900DD13A0 /* Resources */,
				4E9503EAE940E66D122AD62F /* [CP] Embed Pods Frameworks */,
				ABBE2D897EC84E18BC039600 /* [CP] Copy Pods Resources */,
			);
			buildRules = (
			);
			dependencies = (
			);
			name = drunkensoftball;
			productName = drunkensoftball;
			productReference = 5A69C37B1DAE8BA900DD13A0 /* drunkensoftball.app */;
			productType = "com.apple.product-type.application";
		};
/* End PBXNativeTarget section */

/* Begin PBXProject section */
		5A69C3731DAE8BA900DD13A0 /* Project object */ = {
			isa = PBXProject;
			attributes = {
				LastSwiftUpdateCheck = 0800;
				LastUpgradeCheck = 0810;
				ORGANIZATIONNAME = "Miles Ressler";
				TargetAttributes = {
					5A69C37A1DAE8BA900DD13A0 = {
						CreatedOnToolsVersion = 8.0;
						DevelopmentTeam = 988B7D39S9;
						LastSwiftMigration = 0810;
						ProvisioningStyle = Automatic;
					};
				};
			};
			buildConfigurationList = 5A69C3761DAE8BA900DD13A0 /* Build configuration list for PBXProject "drunkensoftball" */;
			compatibilityVersion = "Xcode 3.2";
			developmentRegion = English;
			hasScannedForEncodings = 0;
			knownRegions = (
				en,
				Base,
			);
			mainGroup = 5A69C3721DAE8BA900DD13A0;
			productRefGroup = 5A69C37C1DAE8BA900DD13A0 /* Products */;
			projectDirPath = "";
			projectRoot = "";
			targets = (
				5A69C37A1DAE8BA900DD13A0 /* drunkensoftball */,
			);
		};
/* End PBXProject section */

/* Begin PBXResourcesBuildPhase section */
		5A69C3791DAE8BA900DD13A0 /* Resources */ = {
			isa = PBXResourcesBuildPhase;
			buildActionMask = 2147483647;
			files = (
				5A003FFB1DDC0BA7002EDB7A /* GoogleService-Info.plist in Resources */,
				5A69C3861DAE8BA900DD13A0 /* Assets.xcassets in Resources */,
			);
			runOnlyForDeploymentPostprocessing = 0;
		};
/* End PBXResourcesBuildPhase section */

/* Begin PBXShellScriptBuildPhase section */
		4E9503EAE940E66D122AD62F /* [CP] Embed Pods Frameworks */ = {
			isa = PBXShellScriptBuildPhase;
			buildActionMask = 2147483647;
			files = (
			);
			inputPaths = (
				"${SRCROOT}/Pods/Target Support Files/Pods-drunkensoftball/Pods-drunkensoftball-frameworks.sh",
				"${BUILT_PRODUCTS_DIR}/Alamofire/Alamofire.framework",
				"${BUILT_PRODUCTS_DIR}/EVReflection/EVReflection.framework",
				"${BUILT_PRODUCTS_DIR}/FontAwesome.swift/FontAwesome_swift.framework",
				"${BUILT_PRODUCTS_DIR}/GTMOAuth2/GTMOAuth2.framework",
				"${BUILT_PRODUCTS_DIR}/GTMSessionFetcher/GTMSessionFetcher.framework",
				"${BUILT_PRODUCTS_DIR}/GoogleToolboxForMac/GoogleToolboxForMac.framework",
				"${BUILT_PRODUCTS_DIR}/KeychainAccess/KeychainAccess.framework",
				"${BUILT_PRODUCTS_DIR}/SteviaLayout/Stevia.framework",
				"${BUILT_PRODUCTS_DIR}/SwiftyJSON/SwiftyJSON.framework",
				"${BUILT_PRODUCTS_DIR}/SwiftyUserDefaults/SwiftyUserDefaults.framework",
			);
			name = "[CP] Embed Pods Frameworks";
			outputPaths = (
				"${TARGET_BUILD_DIR}/${FRAMEWORKS_FOLDER_PATH}/Alamofire.framework",
				"${TARGET_BUILD_DIR}/${FRAMEWORKS_FOLDER_PATH}/EVReflection.framework",
				"${TARGET_BUILD_DIR}/${FRAMEWORKS_FOLDER_PATH}/FontAwesome_swift.framework",
				"${TARGET_BUILD_DIR}/${FRAMEWORKS_FOLDER_PATH}/GTMOAuth2.framework",
				"${TARGET_BUILD_DIR}/${FRAMEWORKS_FOLDER_PATH}/GTMSessionFetcher.framework",
				"${TARGET_BUILD_DIR}/${FRAMEWORKS_FOLDER_PATH}/GoogleToolboxForMac.framework",
				"${TARGET_BUILD_DIR}/${FRAMEWORKS_FOLDER_PATH}/KeychainAccess.framework",
				"${TARGET_BUILD_DIR}/${FRAMEWORKS_FOLDER_PATH}/Stevia.framework",
				"${TARGET_BUILD_DIR}/${FRAMEWORKS_FOLDER_PATH}/SwiftyJSON.framework",
				"${TARGET_BUILD_DIR}/${FRAMEWORKS_FOLDER_PATH}/SwiftyUserDefaults.framework",
			);
			runOnlyForDeploymentPostprocessing = 0;
			shellPath = /bin/sh;
			shellScript = "\"${SRCROOT}/Pods/Target Support Files/Pods-drunkensoftball/Pods-drunkensoftball-frameworks.sh\"\n";
			showEnvVarsInLog = 0;
		};
		9F7F41A33DC1ED7F4D7F275F /* [CP] Check Pods Manifest.lock */ = {
			isa = PBXShellScriptBuildPhase;
			buildActionMask = 2147483647;
			files = (
			);
			inputPaths = (
				"${PODS_PODFILE_DIR_PATH}/Podfile.lock",
				"${PODS_ROOT}/Manifest.lock",
			);
			name = "[CP] Check Pods Manifest.lock";
			outputPaths = (
				"$(DERIVED_FILE_DIR)/Pods-drunkensoftball-checkManifestLockResult.txt",
			);
			runOnlyForDeploymentPostprocessing = 0;
			shellPath = /bin/sh;
			shellScript = "diff \"${PODS_PODFILE_DIR_PATH}/Podfile.lock\" \"${PODS_ROOT}/Manifest.lock\" > /dev/null\nif [ $? != 0 ] ; then\n    # print error to STDERR\n    echo \"error: The sandbox is not in sync with the Podfile.lock. Run 'pod install' or update your CocoaPods installation.\" >&2\n    exit 1\nfi\n# This output is used by Xcode 'outputs' to avoid re-running this script phase.\necho \"SUCCESS\" > \"${SCRIPT_OUTPUT_FILE_0}\"\n";
			showEnvVarsInLog = 0;
		};
		ABBE2D897EC84E18BC039600 /* [CP] Copy Pods Resources */ = {
			isa = PBXShellScriptBuildPhase;
			buildActionMask = 2147483647;
			files = (
			);
			inputPaths = (
				"${SRCROOT}/Pods/Target Support Files/Pods-drunkensoftball/Pods-drunkensoftball-resources.sh",
				"${PODS_ROOT}/GoogleSignIn/Resources/GoogleSignIn.bundle",
			);
			name = "[CP] Copy Pods Resources";
			outputPaths = (
				"${TARGET_BUILD_DIR}/${UNLOCALIZED_RESOURCES_FOLDER_PATH}/GoogleSignIn.bundle",
			);
			runOnlyForDeploymentPostprocessing = 0;
			shellPath = /bin/sh;
			shellScript = "\"${SRCROOT}/Pods/Target Support Files/Pods-drunkensoftball/Pods-drunkensoftball-resources.sh\"\n";
			showEnvVarsInLog = 0;
		};
/* End PBXShellScriptBuildPhase section */

/* Begin PBXSourcesBuildPhase section */
		5A69C3771DAE8BA900DD13A0 /* Sources */ = {
			isa = PBXSourcesBuildPhase;
			buildActionMask = 2147483647;
			files = (
				5A5CA7471E43FB7500795985 /* HomeView.swift in Sources */,
				5A5CA7421E43F63900795985 /* DefaultKeysExtension.swift in Sources */,
				5A5CA74A1E43FF8500795985 /* ProfileView.swift in Sources */,
				5A661C181EC3BD8400734C2D /* PaddedUITextField.swift in Sources */,
				5A69C3811DAE8BA900DD13A0 /* LoginViewController.swift in Sources */,
				5AEEC8AC1ED3CA1D008349D0 /* UIViewControllerExtension.swift in Sources */,
				5A69C37F1DAE8BA900DD13A0 /* AppDelegate.swift in Sources */,
				5A661C1A1EC3BEB400734C2D /* RosterTableViewCell.swift in Sources */,
				5A5B3C9A20A36C5C00ECBB6D /* SZ.swift in Sources */,
				5A5B3C9620A36A2D00ECBB6D /* LoginView.swift in Sources */,
				5A5CA7451E43FB5B00795985 /* HomeViewController.swift in Sources */,
				5A99E45E1ECBE93C00B61B37 /* Team.swift in Sources */,
				5A661C2C1EC519DF00734C2D /* PlayerFormModalViewController.swift in Sources */,
				5A5B3C9820A36AE400ECBB6D /* ButtonView.swift in Sources */,
				5AE6CAE01EC652D90098A779 /* PositionSelectionView.swift in Sources */,
				5A5CA74C1E43FF9C00795985 /* ProfileViewController.swift in Sources */,
				5A69C3981DAE979700DD13A0 /* User.swift in Sources */,
				5ACCE22F1E43E9D900B42E69 /* Router.swift in Sources */,
				5A5CA7501E44003400795985 /* TabBarController.swift in Sources */,
				5ACCE22A1E42E21600B42E69 /* Authentication.swift in Sources */,
				5ACCE22D1E42E30E00B42E69 /* BaseObject.swift in Sources */,
				5A661C2A1EC5189C00734C2D /* FieldPosition.swift in Sources */,
				5AE6CADD1EC54C5B0098A779 /* RosterEntry.swift in Sources */,
				5A661C281EC517C000734C2D /* PlayerFormView.swift in Sources */,
			);
			runOnlyForDeploymentPostprocessing = 0;
		};
/* End PBXSourcesBuildPhase section */

/* Begin XCBuildConfiguration section */
		5A69C38B1DAE8BA900DD13A0 /* Debug */ = {
			isa = XCBuildConfiguration;
			buildSettings = {
				ALWAYS_SEARCH_USER_PATHS = NO;
				CLANG_ANALYZER_NONNULL = YES;
				CLANG_CXX_LANGUAGE_STANDARD = "gnu++0x";
				CLANG_CXX_LIBRARY = "libc++";
				CLANG_ENABLE_MODULES = YES;
				CLANG_ENABLE_OBJC_ARC = YES;
				CLANG_WARN_BOOL_CONVERSION = YES;
				CLANG_WARN_CONSTANT_CONVERSION = YES;
				CLANG_WARN_DIRECT_OBJC_ISA_USAGE = YES_ERROR;
				CLANG_WARN_DOCUMENTATION_COMMENTS = YES;
				CLANG_WARN_EMPTY_BODY = YES;
				CLANG_WARN_ENUM_CONVERSION = YES;
				CLANG_WARN_INFINITE_RECURSION = YES;
				CLANG_WARN_INT_CONVERSION = YES;
				CLANG_WARN_OBJC_ROOT_CLASS = YES_ERROR;
				CLANG_WARN_SUSPICIOUS_MOVE = YES;
				CLANG_WARN_SUSPICIOUS_MOVES = YES;
				CLANG_WARN_UNREACHABLE_CODE = YES;
				CLANG_WARN__DUPLICATE_METHOD_MATCH = YES;
				"CODE_SIGN_IDENTITY[sdk=iphoneos*]" = "iPhone Developer";
				COPY_PHASE_STRIP = NO;
				DEBUG_INFORMATION_FORMAT = dwarf;
				ENABLE_STRICT_OBJC_MSGSEND = YES;
				ENABLE_TESTABILITY = YES;
				GCC_C_LANGUAGE_STANDARD = gnu99;
				GCC_DYNAMIC_NO_PIC = NO;
				GCC_NO_COMMON_BLOCKS = YES;
				GCC_OPTIMIZATION_LEVEL = 0;
				GCC_PREPROCESSOR_DEFINITIONS = (
					"DEBUG=1",
					"$(inherited)",
				);
				GCC_WARN_64_TO_32_BIT_CONVERSION = YES;
				GCC_WARN_ABOUT_RETURN_TYPE = YES_ERROR;
				GCC_WARN_UNDECLARED_SELECTOR = YES;
				GCC_WARN_UNINITIALIZED_AUTOS = YES_AGGRESSIVE;
				GCC_WARN_UNUSED_FUNCTION = YES;
				GCC_WARN_UNUSED_VARIABLE = YES;
				IPHONEOS_DEPLOYMENT_TARGET = 9.3;
				MTL_ENABLE_DEBUG_INFO = YES;
				ONLY_ACTIVE_ARCH = YES;
				SDKROOT = iphoneos;
				SWIFT_ACTIVE_COMPILATION_CONDITIONS = DEBUG;
				SWIFT_OPTIMIZATION_LEVEL = "-Onone";
				SWIFT_VERSION = 3.0.1;
			};
			name = Debug;
		};
		5A69C38C1DAE8BA900DD13A0 /* Release */ = {
			isa = XCBuildConfiguration;
			buildSettings = {
				ALWAYS_SEARCH_USER_PATHS = NO;
				CLANG_ANALYZER_NONNULL = YES;
				CLANG_CXX_LANGUAGE_STANDARD = "gnu++0x";
				CLANG_CXX_LIBRARY = "libc++";
				CLANG_ENABLE_MODULES = YES;
				CLANG_ENABLE_OBJC_ARC = YES;
				CLANG_WARN_BOOL_CONVERSION = YES;
				CLANG_WARN_CONSTANT_CONVERSION = YES;
				CLANG_WARN_DIRECT_OBJC_ISA_USAGE = YES_ERROR;
				CLANG_WARN_DOCUMENTATION_COMMENTS = YES;
				CLANG_WARN_EMPTY_BODY = YES;
				CLANG_WARN_ENUM_CONVERSION = YES;
				CLANG_WARN_INFINITE_RECURSION = YES;
				CLANG_WARN_INT_CONVERSION = YES;
				CLANG_WARN_OBJC_ROOT_CLASS = YES_ERROR;
				CLANG_WARN_SUSPICIOUS_MOVE = YES;
				CLANG_WARN_SUSPICIOUS_MOVES = YES;
				CLANG_WARN_UNREACHABLE_CODE = YES;
				CLANG_WARN__DUPLICATE_METHOD_MATCH = YES;
				"CODE_SIGN_IDENTITY[sdk=iphoneos*]" = "iPhone Developer";
				COPY_PHASE_STRIP = NO;
				DEBUG_INFORMATION_FORMAT = "dwarf-with-dsym";
				ENABLE_NS_ASSERTIONS = NO;
				ENABLE_STRICT_OBJC_MSGSEND = YES;
				GCC_C_LANGUAGE_STANDARD = gnu99;
				GCC_NO_COMMON_BLOCKS = YES;
				GCC_WARN_64_TO_32_BIT_CONVERSION = YES;
				GCC_WARN_ABOUT_RETURN_TYPE = YES_ERROR;
				GCC_WARN_UNDECLARED_SELECTOR = YES;
				GCC_WARN_UNINITIALIZED_AUTOS = YES_AGGRESSIVE;
				GCC_WARN_UNUSED_FUNCTION = YES;
				GCC_WARN_UNUSED_VARIABLE = YES;
				IPHONEOS_DEPLOYMENT_TARGET = 9.3;
				MTL_ENABLE_DEBUG_INFO = NO;
				SDKROOT = iphoneos;
				SWIFT_OPTIMIZATION_LEVEL = "-Owholemodule";
				SWIFT_VERSION = 3.0.1;
				VALIDATE_PRODUCT = YES;
			};
			name = Release;
		};
		5A69C38E1DAE8BA900DD13A0 /* Debug */ = {
			isa = XCBuildConfiguration;
			baseConfigurationReference = 48809BE5FCD813D72B3D68C9 /* Pods-drunkensoftball.debug.xcconfig */;
			buildSettings = {
				ALWAYS_EMBED_SWIFT_STANDARD_LIBRARIES = YES;
				ASSETCATALOG_COMPILER_APPICON_NAME = AppIcon;
				CLANG_ENABLE_MODULES = YES;
				CODE_SIGN_IDENTITY = "iPhone Developer";
				"CODE_SIGN_IDENTITY[sdk=iphoneos*]" = "iPhone Developer";
				CODE_SIGN_STYLE = Automatic;
				DEVELOPMENT_TEAM = "";
				INFOPLIST_FILE = drunkensoftball/Info.plist;
				IPHONEOS_DEPLOYMENT_TARGET = 9.3;
				LD_RUNPATH_SEARCH_PATHS = "$(inherited) @executable_path/Frameworks";
				PRODUCT_BUNDLE_IDENTIFIER = us.milessmiles.drunkensoftball;
				PRODUCT_NAME = "$(TARGET_NAME)";
				PROVISIONING_PROFILE = "";
				PROVISIONING_PROFILE_SPECIFIER = "";
				SWIFT_OBJC_BRIDGING_HEADER = "drunkensoftball-Bridging-Header.h";
				SWIFT_OPTIMIZATION_LEVEL = "-Onone";
				SWIFT_VERSION = 3.0.1;
			};
			name = Debug;
		};
		5A69C38F1DAE8BA900DD13A0 /* Release */ = {
			isa = XCBuildConfiguration;
			baseConfigurationReference = 61E6953079474C5EF7FF288A /* Pods-drunkensoftball.release.xcconfig */;
			buildSettings = {
				ALWAYS_EMBED_SWIFT_STANDARD_LIBRARIES = YES;
				ASSETCATALOG_COMPILER_APPICON_NAME = AppIcon;
				CLANG_ENABLE_MODULES = YES;
				CODE_SIGN_IDENTITY = "iPhone Developer";
				"CODE_SIGN_IDENTITY[sdk=iphoneos*]" = "iPhone Developer";
				CODE_SIGN_STYLE = Automatic;
				DEVELOPMENT_TEAM = "";
				INFOPLIST_FILE = drunkensoftball/Info.plist;
				IPHONEOS_DEPLOYMENT_TARGET = 9.3;
				LD_RUNPATH_SEARCH_PATHS = "$(inherited) @executable_path/Frameworks";
				PRODUCT_BUNDLE_IDENTIFIER = us.milessmiles.drunkensoftball;
				PRODUCT_NAME = "$(TARGET_NAME)";
				PROVISIONING_PROFILE = "";
				PROVISIONING_PROFILE_SPECIFIER = "";
				SWIFT_OBJC_BRIDGING_HEADER = "drunkensoftball-Bridging-Header.h";
				SWIFT_VERSION = 3.0.1;
			};
			name = Release;
		};
/* End XCBuildConfiguration section */

/* Begin XCConfigurationList section */
		5A69C3761DAE8BA900DD13A0 /* Build configuration list for PBXProject "drunkensoftball" */ = {
			isa = XCConfigurationList;
			buildConfigurations = (
				5A69C38B1DAE8BA900DD13A0 /* Debug */,
				5A69C38C1DAE8BA900DD13A0 /* Release */,
			);
			defaultConfigurationIsVisible = 0;
			defaultConfigurationName = Release;
		};
		5A69C38D1DAE8BA900DD13A0 /* Build configuration list for PBXNativeTarget "drunkensoftball" */ = {
			isa = XCConfigurationList;
			buildConfigurations = (
				5A69C38E1DAE8BA900DD13A0 /* Debug */,
				5A69C38F1DAE8BA900DD13A0 /* Release */,
			);
			defaultConfigurationIsVisible = 0;
			defaultConfigurationName = Release;
		};
/* End XCConfigurationList section */
	};
	rootObject = 5A69C3731DAE8BA900DD13A0 /* Project object */;
}
