PODS:
  - Alamofire (4.7.2)
  - EVReflection (5.6.1):
    - EVReflection/Core (= 5.6.1)
  - EVReflection/Core (5.6.1)
  - FirebaseAnalytics (3.9.0):
    - FirebaseCore (~> 3.6)
    - FirebaseInstanceID (~> 1.0)
    - "GoogleToolboxForMac/NSData+zlib (~> 2.1)"
  - FirebaseCore (3.6.0):
    - "GoogleToolboxForMac/NSData+zlib (~> 2.1)"
  - FirebaseInstanceID (1.0.10):
    - FirebaseCore (~> 3.6)
  - FontAwesome.swift (1.3.2)
  - Google/Core (3.1.0):
    - FirebaseAnalytics (~> 3.2)
  - Google/SignIn (3.1.0):
    - Google/Core
    - GoogleSignIn (~> 4.0)
  - GoogleSignIn (4.1.2):
    - "GoogleToolboxForMac/NSDictionary+URLArguments (~> 2.1)"
    - "GoogleToolboxForMac/NSString+URLArguments (~> 2.1)"
    - GTMOAuth2 (~> 1.0)
    - GTMSessionFetcher/Core (~> 1.1)
  - GoogleToolboxForMac/DebugUtils (2.1.4):
    - GoogleToolboxForMac/Defines (= 2.1.4)
  - GoogleToolboxForMac/Defines (2.1.4)
  - "GoogleToolboxForMac/NSData+zlib (2.1.4)":
    - GoogleToolboxForMac/Defines (= 2.1.4)
  - "GoogleToolboxForMac/NSDictionary+URLArguments (2.1.4)":
    - GoogleToolboxForMac/DebugUtils (= 2.1.4)
    - GoogleToolboxForMac/Defines (= 2.1.4)
    - "GoogleToolboxForMac/NSString+URLArguments (= 2.1.4)"
  - "GoogleToolboxForMac/NSString+URLArguments (2.1.4)"
  - GTMOAuth2 (1.1.6):
    - GTMSessionFetcher (~> 1.1)
  - GTMSessionFetcher (1.1.15):
    - GTMSessionFetcher/Full (= 1.1.15)
  - GTMSessionFetcher/Core (1.1.15)
  - GTMSessionFetcher/Full (1.1.15):
    - GTMSessionFetcher/Core (= 1.1.15)
  - KeychainAccess (3.0.2)
  - SteviaLayout (4.3.0)
  - SwiftyJSON (4.1.0)
  - SwiftyUserDefaults (3.0.1)

DEPENDENCIES:
  - Alamofire (~> 4.0)
  - EVReflection
  - FontAwesome.swift (from `https://github.com/thii/FontAwesome.swift`)
  - Google/SignIn
  - KeychainAccess (~> 3.0.0)
  - SteviaLayout
  - SwiftyJSON
  - SwiftyUserDefaults

SPEC REPOS:
  https://github.com/CocoaPods/Specs.git:
    - Alamofire
    - EVReflection
    - FirebaseAnalytics
    - FirebaseCore
    - FirebaseInstanceID
    - Google
    - GoogleSignIn
    - GoogleToolboxForMac
    - GTMOAuth2
    - GTMSessionFetcher
    - KeychainAccess
    - SteviaLayout
    - SwiftyJSON
    - SwiftyUserDefaults

EXTERNAL SOURCES:
  FontAwesome.swift:
    :git: https://github.com/thii/FontAwesome.swift

CHECKOUT OPTIONS:
  FontAwesome.swift:
    :commit: 55bbc71649a774c04f0633bd39d5afdeef8cbd1c
    :git: https://github.com/thii/FontAwesome.swift

SPEC CHECKSUMS:
  Alamofire: e4fa87002c137ba2d8d634d2c51fabcda0d5c223
  EVReflection: d05ebbafc851b7a4cd3d625182662463a5819ab8
  FirebaseAnalytics: e5fe8486efc01bec33f6bf82e2fa9fce4b124052
  FirebaseCore: 9691ee2ade70c098d7cf92440f4303f16d83ca75
  FirebaseInstanceID: b9eedd6846fb5e1f0f7279e1deaa7a7e4cf8392e
  FontAwesome.swift: 8555e3e689df989f879644966b1bd1172f82abec
  Google: 98da4b1a60ed0beb80a290387a28333406a1eb90
  GoogleSignIn: d9ef55b10f0aa401a5de2747f59b725e4b9732ac
  GoogleToolboxForMac: 91c824d21e85b31c2aae9bb011c5027c9b4e738f
  GTMOAuth2: c77fe325e4acd453837e72d91e3b5f13116857b2
  GTMSessionFetcher: 5fa5b80fd20e439ef5f545fb2cb3ca6c6714caa2
  KeychainAccess: a986406022dfc7c634c691ad3bec670cc6a32002
  SteviaLayout: 4237718d4e9eaea2d530bd1426637735a7e19de6
  SwiftyJSON: c29297daf073d2aa016295d5809cdd68045c39b3
  SwiftyUserDefaults: 3d273b1739b68ada3145dc754a70ec775bc5c8be

PODFILE CHECKSUM: 96d5ab8cb9559e4deee88015729f83137a59ca83

COCOAPODS: 1.5.0
